// !$*UTF8*$!
{
	archiveVersion = 1;
	classes = {
	};
	objectVersion = 77;
	objects = {

/* Begin PBXContainerItemProxy section */
		FD3FE3012D7CF79D00FB4DE2 /* PBXContainerItemProxy */ = {
			isa = PBXContainerItemProxy;
			containerPortal = FD3FE2E82D7CF79C00FB4DE2 /* Project object */;
			proxyType = 1;
			remoteGlobalIDString = FD3FE2EF2D7CF79C00FB4DE2;
			remoteInfo = "Sing up";
		};
		FD3FE30B2D7CF79D00FB4DE2 /* PBXContainerItemProxy */ = {
			isa = PBXContainerItemProxy;
			containerPortal = FD3FE2E82D7CF79C00FB4DE2 /* Project object */;
			proxyType = 1;
			remoteGlobalIDString = FD3FE2EF2D7CF79C00FB4DE2;
			remoteInfo = "Sing up";
		};
/* End PBXContainerItemProxy section */

/* Begin PBXFileReference section */
		FD3FE2F02D7CF79C00FB4DE2 /* Sing up.app */ = {isa = PBXFileReference; explicitFileType = wrapper.application; includeInIndex = 0; path = "Sing up.app"; sourceTree = BUILT_PRODUCTS_DIR; };
		FD3FE3002D7CF79D00FB4DE2 /* Sing upTests.xctest */ = {isa = PBXFileReference; explicitFileType = wrapper.cfbundle; includeInIndex = 0; path = "Sing upTests.xctest"; sourceTree = BUILT_PRODUCTS_DIR; };
		FD3FE30A2D7CF79D00FB4DE2 /* Sing upUITests.xctest */ = {isa = PBXFileReference; explicitFileType = wrapper.cfbundle; includeInIndex = 0; path = "Sing upUITests.xctest"; sourceTree = BUILT_PRODUCTS_DIR; };
/* End PBXFileReference section */

/* Begin PBXFileSystemSynchronizedRootGroup section */
		FD3FE2F22D7CF79C00FB4DE2 /* Sing up */ = {
			isa = PBXFileSystemSynchronizedRootGroup;
			path = "Sing up";
			sourceTree = "<group>";
		};
		FD3FE3032D7CF79D00FB4DE2 /* Sing upTests */ = {
			isa = PBXFileSystemSynchronizedRootGroup;
			path = "Sing upTests";
			sourceTree = "<group>";
		};
		FD3FE30D2D7CF79D00FB4DE2 /* Sing upUITests */ = {
			isa = PBXFileSystemSynchronizedRootGroup;
			path = "Sing upUITests";
			sourceTree = "<group>";
		};
/* End PBXFileSystemSynchronizedRootGroup section */

/* Begin PBXFrameworksBuildPhase section */
		FD3FE2ED2D7CF79C00FB4DE2 /* Frameworks */ = {
			isa = PBXFrameworksBuildPhase;
			buildActionMask = 2147483647;
			files = (
			);
			runOnlyForDeploymentPostprocessing = 0;
		};
		FD3FE2FD2D7CF79D00FB4DE2 /* Frameworks */ = {
			isa = PBXFrameworksBuildPhase;
			buildActionMask = 2147483647;
			files = (
			);
			runOnlyForDeploymentPostprocessing = 0;
		};
		FD3FE3072D7CF79D00FB4DE2 /* Frameworks */ = {
			isa = PBXFrameworksBuildPhase;
			buildActionMask = 2147483647;
			files = (
			);
			runOnlyForDeploymentPostprocessing = 0;
		};
/* End PBXFrameworksBuildPhase section */

/* Begin PBXGroup section */
		FD3FE2E72D7CF79C00FB4DE2 = {
			isa = PBXGroup;
			children = (
				FD3FE2F22D7CF79C00FB4DE2 /* Sing up */,
				FD3FE3032D7CF79D00FB4DE2 /* Sing upTests */,
				FD3FE30D2D7CF79D00FB4DE2 /* Sing upUITests */,
				FD3FE2F12D7CF79C00FB4DE2 /* Products */,
			);
			sourceTree = "<group>";
		};
		FD3FE2F12D7CF79C00FB4DE2 /* Products */ = {
			isa = PBXGroup;
			children = (
				FD3FE2F02D7CF79C00FB4DE2 /* Sing up.app */,
				FD3FE3002D7CF79D00FB4DE2 /* Sing upTests.xctest */,
				FD3FE30A2D7CF79D00FB4DE2 /* Sing upUITests.xctest */,
			);
			name = Products;
			sourceTree = "<group>";
		};
/* End PBXGroup section */

/* Begin PBXNativeTarget section */
		FD3FE2EF2D7CF79C00FB4DE2 /* Sing up */ = {
			isa = PBXNativeTarget;
			buildConfigurationList = FD3FE3142D7CF79D00FB4DE2 /* Build configuration list for PBXNativeTarget "Sing up" */;
			buildPhases = (
				FD3FE2EC2D7CF79C00FB4DE2 /* Sources */,
				FD3FE2ED2D7CF79C00FB4DE2 /* Frameworks */,
				FD3FE2EE2D7CF79C00FB4DE2 /* Resources */,
			);
			buildRules = (
			);
			dependencies = (
			);
			fileSystemSynchronizedGroups = (
				FD3FE2F22D7CF79C00FB4DE2 /* Sing up */,
			);
			name = "Sing up";
			packageProductDependencies = (
			);
			productName = "Sing up";
			productReference = FD3FE2F02D7CF79C00FB4DE2 /* Sing up.app */;
			productType = "com.apple.product-type.application";
		};
		FD3FE2FF2D7CF79D00FB4DE2 /* Sing upTests */ = {
			isa = PBXNativeTarget;
			buildConfigurationList = FD3FE3172D7CF79D00FB4DE2 /* Build configuration list for PBXNativeTarget "Sing upTests" */;
			buildPhases = (
				FD3FE2FC2D7CF79D00FB4DE2 /* Sources */,
				FD3FE2FD2D7CF79D00FB4DE2 /* Frameworks */,
				FD3FE2FE2D7CF79D00FB4DE2 /* Resources */,
			);
			buildRules = (
			);
			dependencies = (
				FD3FE3022D7CF79D00FB4DE2 /* PBXTargetDependency */,
			);
			fileSystemSynchronizedGroups = (
				FD3FE3032D7CF79D00FB4DE2 /* Sing upTests */,
			);
			name = "Sing upTests";
			packageProductDependencies = (
			);
			productName = "Sing upTests";
			productReference = FD3FE3002D7CF79D00FB4DE2 /* Sing upTests.xctest */;
			productType = "com.apple.product-type.bundle.unit-test";
		};
		FD3FE3092D7CF79D00FB4DE2 /* Sing upUITests */ = {
			isa = PBXNativeTarget;
			buildConfigurationList = FD3FE31A2D7CF79D00FB4DE2 /* Build configuration list for PBXNativeTarget "Sing upUITests" */;
			buildPhases = (
				FD3FE3062D7CF79D00FB4DE2 /* Sources */,
				FD3FE3072D7CF79D00FB4DE2 /* Frameworks */,
				FD3FE3082D7CF79D00FB4DE2 /* Resources */,
			);
			buildRules = (
			);
			dependencies = (
				FD3FE30C2D7CF79D00FB4DE2 /* PBXTargetDependency */,
			);
			fileSystemSynchronizedGroups = (
				FD3FE30D2D7CF79D00FB4DE2 /* Sing upUITests */,
			);
			name = "Sing upUITests";
			packageProductDependencies = (
			);
			productName = "Sing upUITests";
			productReference = FD3FE30A2D7CF79D00FB4DE2 /* Sing upUITests.xctest */;
			productType = "com.apple.product-type.bundle.ui-testing";
		};
/* End PBXNativeTarget section */

/* Begin PBXProject section */
		FD3FE2E82D7CF79C00FB4DE2 /* Project object */ = {
			isa = PBXProject;
			attributes = {
				BuildIndependentTargetsInParallel = 1;
				LastSwiftUpdateCheck = 1620;
				LastUpgradeCheck = 1620;
				TargetAttributes = {
					FD3FE2EF2D7CF79C00FB4DE2 = {
						CreatedOnToolsVersion = 16.2;
					};
					FD3FE2FF2D7CF79D00FB4DE2 = {
						CreatedOnToolsVersion = 16.2;
						TestTargetID = FD3FE2EF2D7CF79C00FB4DE2;
					};
					FD3FE3092D7CF79D00FB4DE2 = {
						CreatedOnToolsVersion = 16.2;
						TestTargetID = FD3FE2EF2D7CF79C00FB4DE2;
					};
				};
			};
			buildConfigurationList = FD3FE2EB2D7CF79C00FB4DE2 /* Build configuration list for PBXProject "Sing up" */;
			developmentRegion = en;
			hasScannedForEncodings = 0;
			knownRegions = (
				en,
				Base,
			);
			mainGroup = FD3FE2E72D7CF79C00FB4DE2;
			minimizedProjectReferenceProxies = 1;
			preferredProjectObjectVersion = 77;
			productRefGroup = FD3FE2F12D7CF79C00FB4DE2 /* Products */;
			projectDirPath = "";
			projectRoot = "";
			targets = (
				FD3FE2EF2D7CF79C00FB4DE2 /* Sing up */,
				FD3FE2FF2D7CF79D00FB4DE2 /* Sing upTests */,
				FD3FE3092D7CF79D00FB4DE2 /* Sing upUITests */,
			);
		};
/* End PBXProject section */

/* Begin PBXResourcesBuildPhase section */
		FD3FE2EE2D7CF79C00FB4DE2 /* Resources */ = {
			isa = PBXResourcesBuildPhase;
			buildActionMask = 2147483647;
			files = (
			);
			runOnlyForDeploymentPostprocessing = 0;
		};
		FD3FE2FE2D7CF79D00FB4DE2 /* Resources */ = {
			isa = PBXResourcesBuildPhase;
			buildActionMask = 2147483647;
			files = (
			);
			runOnlyForDeploymentPostprocessing = 0;
		};
		FD3FE3082D7CF79D00FB4DE2 /* Resources */ = {
			isa = PBXResourcesBuildPhase;
			buildActionMask = 2147483647;
			files = (
			);
			runOnlyForDeploymentPostprocessing = 0;
		};
/* End PBXResourcesBuildPhase section */

/* Begin PBXSourcesBuildPhase section */
		FD3FE2EC2D7CF79C00FB4DE2 /* Sources */ = {
			isa = PBXSourcesBuildPhase;
			buildActionMask = 2147483647;
			files = (
			);
			runOnlyForDeploymentPostprocessing = 0;
		};
		FD3FE2FC2D7CF79D00FB4DE2 /* Sources */ = {
			isa = PBXSourcesBuildPhase;
			buildActionMask = 2147483647;
			files = (
			);
			runOnlyForDeploymentPostprocessing = 0;
		};
		FD3FE3062D7CF79D00FB4DE2 /* Sources */ = {
			isa = PBXSourcesBuildPhase;
			buildActionMask = 2147483647;
			files = (
			);
			runOnlyForDeploymentPostprocessing = 0;
		};
/* End PBXSourcesBuildPhase section */

/* Begin PBXTargetDependency section */
		FD3FE3022D7CF79D00FB4DE2 /* PBXTargetDependency */ = {
			isa = PBXTargetDependency;
			target = FD3FE2EF2D7CF79C00FB4DE2 /* Sing up */;
			targetProxy = FD3FE3012D7CF79D00FB4DE2 /* PBXContainerItemProxy */;
		};
		FD3FE30C2D7CF79D00FB4DE2 /* PBXTargetDependency */ = {
			isa = PBXTargetDependency;
			target = FD3FE2EF2D7CF79C00FB4DE2 /* Sing up */;
			targetProxy = FD3FE30B2D7CF79D00FB4DE2 /* PBXContainerItemProxy */;
		};
/* End PBXTargetDependency section */

/* Begin XCBuildConfiguration section */
		FD3FE3122D7CF79D00FB4DE2 /* Debug */ = {
			isa = XCBuildConfiguration;
			buildSettings = {
				ALWAYS_SEARCH_USER_PATHS = NO;
				ASSETCATALOG_COMPILER_GENERATE_SWIFT_ASSET_SYMBOL_EXTENSIONS = YES;
				CLANG_ANALYZER_NONNULL = YES;
				CLANG_ANALYZER_NUMBER_OBJECT_CONVERSION = YES_AGGRESSIVE;
				CLANG_CXX_LANGUAGE_STANDARD = "gnu++20";
				CLANG_ENABLE_MODULES = YES;
				CLANG_ENABLE_OBJC_ARC = YES;
				CLANG_ENABLE_OBJC_WEAK = YES;
				CLANG_WARN_BLOCK_CAPTURE_AUTORELEASING = YES;
				CLANG_WARN_BOOL_CONVERSION = YES;
				CLANG_WARN_COMMA = YES;
				CLANG_WARN_CONSTANT_CONVERSION = YES;
				CLANG_WARN_DEPRECATED_OBJC_IMPLEMENTATIONS = YES;
				CLANG_WARN_DIRECT_OBJC_ISA_USAGE = YES_ERROR;
				CLANG_WARN_DOCUMENTATION_COMMENTS = YES;
				CLANG_WARN_EMPTY_BODY = YES;
				CLANG_WARN_ENUM_CONVERSION = YES;
				CLANG_WARN_INFINITE_RECURSION = YES;
				CLANG_WARN_INT_CONVERSION = YES;
				CLANG_WARN_NON_LITERAL_NULL_CONVERSION = YES;
				CLANG_WARN_OBJC_IMPLICIT_RETAIN_SELF = YES;
				CLANG_WARN_OBJC_LITERAL_CONVERSION = YES;
				CLANG_WARN_OBJC_ROOT_CLASS = YES_ERROR;
				CLANG_WARN_QUOTED_INCLUDE_IN_FRAMEWORK_HEADER = YES;
				CLANG_WARN_RANGE_LOOP_ANALYSIS = YES;
				CLANG_WARN_STRICT_PROTOTYPES = YES;
				CLANG_WARN_SUSPICIOUS_MOVE = YES;
				CLANG_WARN_UNGUARDED_AVAILABILITY = YES_AGGRESSIVE;
				CLANG_WARN_UNREACHABLE_CODE = YES;
				CLANG_WARN__DUPLICATE_METHOD_MATCH = YES;
				COPY_PHASE_STRIP = NO;
				DEBUG_INFORMATION_FORMAT = dwarf;
				ENABLE_STRICT_OBJC_MSGSEND = YES;
				ENABLE_TESTABILITY = YES;
				ENABLE_USER_SCRIPT_SANDBOXING = YES;
				GCC_C_LANGUAGE_STANDARD = gnu17;
				GCC_DYNAMIC_NO_PIC = NO;
				GCC_NO_COMMON_BLOCKS = YES;
				GCC_OPTIMIZATION_LEVEL = 0;
				GCC_PREPROCESSOR_DEFINITIONS = (
					"DEBUG=1",
					"$(inherited)",
				);
				GCC_WARN_64_TO_32_BIT_CONVERSION = YES;
				GCC_WARN_ABOUT_RETURN_TYPE = YES_ERROR;
				GCC_WARN_UNDECLARED_SELECTOR = YES;
				GCC_WARN_UNINITIALIZED_AUTOS = YES_AGGRESSIVE;
				GCC_WARN_UNUSED_FUNCTION = YES;
				GCC_WARN_UNUSED_VARIABLE = YES;
				IPHONEOS_DEPLOYMENT_TARGET = 18.2;
				LOCALIZATION_PREFERS_STRING_CATALOGS = YES;
				MTL_ENABLE_DEBUG_INFO = INCLUDE_SOURCE;
				MTL_FAST_MATH = YES;
				ONLY_ACTIVE_ARCH = YES;
				SDKROOT = iphoneos;
				SWIFT_ACTIVE_COMPILATION_CONDITIONS = "DEBUG $(inherited)";
				SWIFT_OPTIMIZATION_LEVEL = "-Onone";
			};
			name = Debug;
		};
		FD3FE3132D7CF79D00FB4DE2 /* Release */ = {
			isa = XCBuildConfiguration;
			buildSettings = {
				ALWAYS_SEARCH_USER_PATHS = NO;
				ASSETCATALOG_COMPILER_GENERATE_SWIFT_ASSET_SYMBOL_EXTENSIONS = YES;
				CLANG_ANALYZER_NONNULL = YES;
				CLANG_ANALYZER_NUMBER_OBJECT_CONVERSION = YES_AGGRESSIVE;
				CLANG_CXX_LANGUAGE_STANDARD = "gnu++20";
				CLANG_ENABLE_MODULES = YES;
				CLANG_ENABLE_OBJC_ARC = YES;
				CLANG_ENABLE_OBJC_WEAK = YES;
				CLANG_WARN_BLOCK_CAPTURE_AUTORELEASING = YES;
				CLANG_WARN_BOOL_CONVERSION = YES;
				CLANG_WARN_COMMA = YES;
				CLANG_WARN_CONSTANT_CONVERSION = YES;
				CLANG_WARN_DEPRECATED_OBJC_IMPLEMENTATIONS = YES;
				CLANG_WARN_DIRECT_OBJC_ISA_USAGE = YES_ERROR;
				CLANG_WARN_DOCUMENTATION_COMMENTS = YES;
				CLANG_WARN_EMPTY_BODY = YES;
				CLANG_WARN_ENUM_CONVERSION = YES;
				CLANG_WARN_INFINITE_RECURSION = YES;
				CLANG_WARN_INT_CONVERSION = YES;
				CLANG_WARN_NON_LITERAL_NULL_CONVERSION = YES;
				CLANG_WARN_OBJC_IMPLICIT_RETAIN_SELF = YES;
				CLANG_WARN_OBJC_LITERAL_CONVERSION = YES;
				CLANG_WARN_OBJC_ROOT_CLASS = YES_ERROR;
				CLANG_WARN_QUOTED_INCLUDE_IN_FRAMEWORK_HEADER = YES;
				CLANG_WARN_RANGE_LOOP_ANALYSIS = YES;
				CLANG_WARN_STRICT_PROTOTYPES = YES;
				CLANG_WARN_SUSPICIOUS_MOVE = YES;
				CLANG_WARN_UNGUARDED_AVAILABILITY = YES_AGGRESSIVE;
				CLANG_WARN_UNREACHABLE_CODE = YES;
				CLANG_WARN__DUPLICATE_METHOD_MATCH = YES;
				COPY_PHASE_STRIP = NO;
				DEBUG_INFORMATION_FORMAT = "dwarf-with-dsym";
				ENABLE_NS_ASSERTIONS = NO;
				ENABLE_STRICT_OBJC_MSGSEND = YES;
				ENABLE_USER_SCRIPT_SANDBOXING = YES;
				GCC_C_LANGUAGE_STANDARD = gnu17;
				GCC_NO_COMMON_BLOCKS = YES;
				GCC_WARN_64_TO_32_BIT_CONVERSION = YES;
				GCC_WARN_ABOUT_RETURN_TYPE = YES_ERROR;
				GCC_WARN_UNDECLARED_SELECTOR = YES;
				GCC_WARN_UNINITIALIZED_AUTOS = YES_AGGRESSIVE;
				GCC_WARN_UNUSED_FUNCTION = YES;
				GCC_WARN_UNUSED_VARIABLE = YES;
				IPHONEOS_DEPLOYMENT_TARGET = 18.2;
				LOCALIZATION_PREFERS_STRING_CATALOGS = YES;
				MTL_ENABLE_DEBUG_INFO = NO;
				MTL_FAST_MATH = YES;
				SDKROOT = iphoneos;
				SWIFT_COMPILATION_MODE = wholemodule;
				VALIDATE_PRODUCT = YES;
			};
			name = Release;
		};
		FD3FE3152D7CF79D00FB4DE2 /* Debug */ = {
			isa = XCBuildConfiguration;
			buildSettings = {
				ASSETCATALOG_COMPILER_APPICON_NAME = AppIcon;
				ASSETCATALOG_COMPILER_GLOBAL_ACCENT_COLOR_NAME = AccentColor;
				CODE_SIGN_STYLE = Automatic;
				CURRENT_PROJECT_VERSION = 1;
				DEVELOPMENT_ASSET_PATHS = "\"Sing up/Preview Content\"";
				DEVELOPMENT_TEAM = 6DJ8U75L57;
				ENABLE_PREVIEWS = YES;
				GENERATE_INFOPLIST_FILE = YES;
				INFOPLIST_KEY_UIApplicationSceneManifest_Generation = YES;
				INFOPLIST_KEY_UIApplicationSupportsIndirectInputEvents = YES;
				INFOPLIST_KEY_UILaunchScreen_Generation = YES;
				INFOPLIST_KEY_UISupportedInterfaceOrientations_iPad = "UIInterfaceOrientationPortrait UIInterfaceOrientationPortraitUpsideDown UIInterfaceOrientationLandscapeLeft UIInterfaceOrientationLandscapeRight";
				INFOPLIST_KEY_UISupportedInterfaceOrientations_iPhone = "UIInterfaceOrientationPortrait UIInterfaceOrientationLandscapeLeft UIInterfaceOrientationLandscapeRight";
				LD_RUNPATH_SEARCH_PATHS = (
					"$(inherited)",
					"@executable_path/Frameworks",
				);
				MARKETING_VERSION = 1.0;
				PRODUCT_BUNDLE_IDENTIFIER = "mihael.koic.Sing-up";
				PRODUCT_NAME = "$(TARGET_NAME)";
				SWIFT_EMIT_LOC_STRINGS = YES;
				SWIFT_VERSION = 5.0;
				TARGETED_DEVICE_FAMILY = "1,2";
			};
			name = Debug;
		};
		FD3FE3162D7CF79D00FB4DE2 /* Release */ = {
			isa = XCBuildConfiguration;
			buildSettings = {
				ASSETCATALOG_COMPILER_APPICON_NAME = AppIcon;
				ASSETCATALOG_COMPILER_GLOBAL_ACCENT_COLOR_NAME = AccentColor;
				CODE_SIGN_STYLE = Automatic;
				CURRENT_PROJECT_VERSION = 1;
				DEVELOPMENT_ASSET_PATHS = "\"Sing up/Preview Content\"";
				DEVELOPMENT_TEAM = 6DJ8U75L57;
				ENABLE_PREVIEWS = YES;
				GENERATE_INFOPLIST_FILE = YES;
				INFOPLIST_KEY_UIApplicationSceneManifest_Generation = YES;
				INFOPLIST_KEY_UIApplicationSupportsIndirectInputEvents = YES;
				INFOPLIST_KEY_UILaunchScreen_Generation = YES;
				INFOPLIST_KEY_UISupportedInterfaceOrientations_iPad = "UIInterfaceOrientationPortrait UIInterfaceOrientationPortraitUpsideDown UIInterfaceOrientationLandscapeLeft UIInterfaceOrientationLandscapeRight";
				INFOPLIST_KEY_UISupportedInterfaceOrientations_iPhone = "UIInterfaceOrientationPortrait UIInterfaceOrientationLandscapeLeft UIInterfaceOrientationLandscapeRight";
				LD_RUNPATH_SEARCH_PATHS = (
					"$(inherited)",
					"@executable_path/Frameworks",
				);
				MARKETING_VERSION = 1.0;
				PRODUCT_BUNDLE_IDENTIFIER = "mihael.koic.Sing-up";
				PRODUCT_NAME = "$(TARGET_NAME)";
				SWIFT_EMIT_LOC_STRINGS = YES;
				SWIFT_VERSION = 5.0;
				TARGETED_DEVICE_FAMILY = "1,2";
			};
			name = Release;
		};
		FD3FE3182D7CF79D00FB4DE2 /* Debug */ = {
			isa = XCBuildConfiguration;
			buildSettings = {
				BUNDLE_LOADER = "$(TEST_HOST)";
				CODE_SIGN_STYLE = Automatic;
				CURRENT_PROJECT_VERSION = 1;
				DEVELOPMENT_TEAM = 6DJ8U75L57;
				GENERATE_INFOPLIST_FILE = YES;
				IPHONEOS_DEPLOYMENT_TARGET = 18.2;
				MARKETING_VERSION = 1.0;
				PRODUCT_BUNDLE_IDENTIFIER = "mihael.koic.Sing-upTests";
				PRODUCT_NAME = "$(TARGET_NAME)";
				SWIFT_EMIT_LOC_STRINGS = NO;
				SWIFT_VERSION = 5.0;
				TARGETED_DEVICE_FAMILY = "1,2";
				TEST_HOST = "$(BUILT_PRODUCTS_DIR)/Sing up.app/$(BUNDLE_EXECUTABLE_FOLDER_PATH)/Sing up";
			};
			name = Debug;
		};
		FD3FE3192D7CF79D00FB4DE2 /* Release */ = {
			isa = XCBuildConfiguration;
			buildSettings = {
				BUNDLE_LOADER = "$(TEST_HOST)";
				CODE_SIGN_STYLE = Automatic;
				CURRENT_PROJECT_VERSION = 1;
				DEVELOPMENT_TEAM = 6DJ8U75L57;
				GENERATE_INFOPLIST_FILE = YES;
				IPHONEOS_DEPLOYMENT_TARGET = 18.2;
				MARKETING_VERSION = 1.0;
				PRODUCT_BUNDLE_IDENTIFIER = "mihael.koic.Sing-upTests";
				PRODUCT_NAME = "$(TARGET_NAME)";
				SWIFT_EMIT_LOC_STRINGS = NO;
				SWIFT_VERSION = 5.0;
				TARGETED_DEVICE_FAMILY = "1,2";
				TEST_HOST = "$(BUILT_PRODUCTS_DIR)/Sing up.app/$(BUNDLE_EXECUTABLE_FOLDER_PATH)/Sing up";
			};
			name = Release;
		};
		FD3FE31B2D7CF79D00FB4DE2 /* Debug */ = {
			isa = XCBuildConfiguration;
			buildSettings = {
				CODE_SIGN_STYLE = Automatic;
				CURRENT_PROJECT_VERSION = 1;
				DEVELOPMENT_TEAM = 6DJ8U75L57;
				GENERATE_INFOPLIST_FILE = YES;
				MARKETING_VERSION = 1.0;
				PRODUCT_BUNDLE_IDENTIFIER = "mihael.koic.Sing-upUITests";
				PRODUCT_NAME = "$(TARGET_NAME)";
				SWIFT_EMIT_LOC_STRINGS = NO;
				SWIFT_VERSION = 5.0;
				TARGETED_DEVICE_FAMILY = "1,2";
				TEST_TARGET_NAME = "Sing up";
			};
			name = Debug;
		};
		FD3FE31C2D7CF79D00FB4DE2 /* Release */ = {
			isa = XCBuildConfiguration;
			buildSettings = {
				CODE_SIGN_STYLE = Automatic;
				CURRENT_PROJECT_VERSION = 1;
				DEVELOPMENT_TEAM = 6DJ8U75L57;
				GENERATE_INFOPLIST_FILE = YES;
				MARKETING_VERSION = 1.0;
				PRODUCT_BUNDLE_IDENTIFIER = "mihael.koic.Sing-upUITests";
				PRODUCT_NAME = "$(TARGET_NAME)";
				SWIFT_EMIT_LOC_STRINGS = NO;
				SWIFT_VERSION = 5.0;
				TARGETED_DEVICE_FAMILY = "1,2";
				TEST_TARGET_NAME = "Sing up";
			};
			name = Release;
		};
/* End XCBuildConfiguration section */

/* Begin XCConfigurationList section */
		FD3FE2EB2D7CF79C00FB4DE2 /* Build configuration list for PBXProject "Sing up" */ = {
			isa = XCConfigurationList;
			buildConfigurations = (
				FD3FE3122D7CF79D00FB4DE2 /* Debug */,
				FD3FE3132D7CF79D00FB4DE2 /* Release */,
			);
			defaultConfigurationIsVisible = 0;
			defaultConfigurationName = Release;
		};
		FD3FE3142D7CF79D00FB4DE2 /* Build configuration list for PBXNativeTarget "Sing up" */ = {
			isa = XCConfigurationList;
			buildConfigurations = (
				FD3FE3152D7CF79D00FB4DE2 /* Debug */,
				FD3FE3162D7CF79D00FB4DE2 /* Release */,
			);
			defaultConfigurationIsVisible = 0;
			defaultConfigurationName = Release;
		};
		FD3FE3172D7CF79D00FB4DE2 /* Build configuration list for PBXNativeTarget "Sing upTests" */ = {
			isa = XCConfigurationList;
			buildConfigurations = (
				FD3FE3182D7CF79D00FB4DE2 /* Debug */,
				FD3FE3192D7CF79D00FB4DE2 /* Release */,
			);
			defaultConfigurationIsVisible = 0;
			defaultConfigurationName = Release;
		};
		FD3FE31A2D7CF79D00FB4DE2 /* Build configuration list for PBXNativeTarget "Sing upUITests" */ = {
			isa = XCConfigurationList;
			buildConfigurations = (
				FD3FE31B2D7CF79D00FB4DE2 /* Debug */,
				FD3FE31C2D7CF79D00FB4DE2 /* Release */,
			);
			defaultConfigurationIsVisible = 0;
			defaultConfigurationName = Release;
		};
/* End XCConfigurationList section */
	};
	rootObject = FD3FE2E82D7CF79C00FB4DE2 /* Project object */;
}
